
Microsoft Visual Studio Solution File, Format Version 12.00
# Visual Studio Version 17
VisualStudioVersion = 17.0.31903.59
MinimumVisualStudioVersion = 10.0.40219.1
Project("{9A19103F-16F7-4668-BE54-9A1E7A4F7556}") = "Api", "Api\Api.csproj", "{185AD3B0-3826-4052-871D-3B9BA9E2250E}"
EndProject
Project("{FAE04EC0-301F-11D3-BF4B-00C04F79EFBC}") = "Core", "Core\Core.csproj", "{DCF00D42-EFE1-4750-BA61-C3A115098472}"
EndProject
Project("{FAE04EC0-301F-11D3-BF4B-00C04F79EFBC}") = "Infrastructure", "Infrastructure\Infrastructure.csproj", "{BDA415DF-4363-44BA-A69A-508CEDD04557}"
EndProject
Global
	GlobalSection(SolutionConfigurationPlatforms) = preSolution
		Debug|Any CPU = Debug|Any CPU
		Release|Any CPU = Release|Any CPU
	EndGlobalSection
	GlobalSection(ProjectConfigurationPlatforms) = postSolution
		{185AD3B0-3826-4052-871D-3B9BA9E2250E}.Debug|Any CPU.ActiveCfg = Debug|Any CPU
		{185AD3B0-3826-4052-871D-3B9BA9E2250E}.Debug|Any CPU.Build.0 = Debug|Any CPU
		{185AD3B0-3826-4052-871D-3B9BA9E2250E}.Release|Any CPU.ActiveCfg = Release|Any CPU
		{185AD3B0-3826-4052-871D-3B9BA9E2250E}.Release|Any CPU.Build.0 = Release|Any CPU
		{DCF00D42-EFE1-4750-BA61-C3A115098472}.Debug|Any CPU.ActiveCfg = Debug|Any CPU
		{DCF00D42-EFE1-4750-BA61-C3A115098472}.Debug|Any CPU.Build.0 = Debug|Any CPU
		{DCF00D42-EFE1-4750-BA61-C3A115098472}.Release|Any CPU.ActiveCfg = Release|Any CPU
		{DCF00D42-EFE1-4750-BA61-C3A115098472}.Release|Any CPU.Build.0 = Release|Any CPU
		{BDA415DF-4363-44BA-A69A-508CEDD04557}.Debug|Any CPU.ActiveCfg = Debug|Any CPU
		{BDA415DF-4363-44BA-A69A-508CEDD04557}.Debug|Any CPU.Build.0 = Debug|Any CPU
		{BDA415DF-4363-44BA-A69A-508CEDD04557}.Release|Any CPU.ActiveCfg = Release|Any CPU
		{BDA415DF-4363-44BA-A69A-508CEDD04557}.Release|Any CPU.Build.0 = Release|Any CPU
	EndGlobalSection
	GlobalSection(SolutionProperties) = preSolution
		HideSolutionNode = FALSE
	EndGlobalSection
EndGlobal
